
Microsoft Visual Studio Solution File, Format Version 12.00
# Visual Studio 15
VisualStudioVersion = 15.0.26228.9
MinimumVisualStudioVersion = 10.0.40219.1
Project("{FAE04EC0-301F-11D3-BF4B-00C04F79EFBC}") = "RemoteAdvisor", "RemoteAdvisor\RemoteAdvisor.csproj", "{BD90059F-0609-4766-B8BA-CFB505C279EC}"
EndProject
Project("{FAE04EC0-301F-11D3-BF4B-00C04F79EFBC}") = "RemoteAdvisor.UCAP", "MTC.UCAP\RemoteAdvisor.UCAP.csproj", "{EA6F5A4F-2B48-4C89-B48C-C5B301C2A2FF}"
EndProject
Global
	GlobalSection(SolutionConfigurationPlatforms) = preSolution
		Debug|Any CPU = Debug|Any CPU
		Release|Any CPU = Release|Any CPU
	EndGlobalSection
	GlobalSection(ProjectConfigurationPlatforms) = postSolution
		{BD90059F-0609-4766-B8BA-CFB505C279EC}.Debug|Any CPU.ActiveCfg = Debug|Any CPU
		{BD90059F-0609-4766-B8BA-CFB505C279EC}.Debug|Any CPU.Build.0 = Debug|Any CPU
		{BD90059F-0609-4766-B8BA-CFB505C279EC}.Release|Any CPU.ActiveCfg = Release|Any CPU
		{BD90059F-0609-4766-B8BA-CFB505C279EC}.Release|Any CPU.Build.0 = Release|Any CPU
		{EA6F5A4F-2B48-4C89-B48C-C5B301C2A2FF}.Debug|Any CPU.ActiveCfg = Debug|Any CPU
		{EA6F5A4F-2B48-4C89-B48C-C5B301C2A2FF}.Debug|Any CPU.Build.0 = Debug|Any CPU
		{EA6F5A4F-2B48-4C89-B48C-C5B301C2A2FF}.Release|Any CPU.ActiveCfg = Release|Any CPU
		{EA6F5A4F-2B48-4C89-B48C-C5B301C2A2FF}.Release|Any CPU.Build.0 = Release|Any CPU
	EndGlobalSection
	GlobalSection(SolutionProperties) = preSolution
		HideSolutionNode = FALSE
	EndGlobalSection
EndGlobal
